<?xml version="1.0" encoding="utf-8"?>
<Project ToolsVersion="4.0" xmlns="http://schemas.microsoft.com/developer/msbuild/2003">
  <ItemGroup>
    <ClCompile Include="Main.cpp" />
    <ClCompile Include="Common\HighResolutionClock.cpp" />
    <ClCompile Include="imgui\IMGUIManager.cpp" />
    <ClCompile Include="imgui\imgui.cpp" />
    <ClCompile Include="imgui\imgui_demo.cpp" />
    <ClCompile Include="imgui\imgui_draw.cpp" />
    <ClCompile Include="imgui\imgui_tables.cpp" />
    <ClCompile Include="imgui\imgui_widgets.cpp" />
    <ClCompile Include="imgui\imgui_impl_dx12.cpp" />
    <ClCompile Include="imgui\imgui_impl_win32.cpp" />
    <ClCompile Include="Common\Path.cpp" />
    <ClCompile Include="Scene\Entity.cpp" />
    <ClCompile Include="Scene\Scene.cpp" />
    <ClCompile Include="UI\SceneHierarchyWindow.cpp" />
    <ClCompile Include="Components\Camera\CameraComponent.cpp" />
    <ClCompile Include="Components\Camera\CameraManager.cpp" />
    <ClCompile Include="Components\Component.cpp" />
    <ClCompile Include="Components\Transform\TransformComponent.cpp" />
    <ClCompile Include="UI\UIHelper.cpp" />
    <ClCompile Include="UI\InspectorWindow.cpp" />
    <ClCompile Include="DX12\Window.cpp" />
    <ClCompile Include="Resources\Texture\Texture.cpp" />
    <ClCompile Include="Resources\Mesh\Model.cpp" />
    <ClCompile Include="Resources\ResourceManager.cpp" />
    <ClCompile Include="Render\RenderManager.cpp" />
    <ClCompile Include="Components\Primitive\MeshRendererComponent.cpp" />
    <ClCompile Include="Components\Primitive\PrimitiveComponent.cpp" />
    <ClCompile Include="UI\TextureViewer.cpp" />
    <ClCompile Include="Components\Script\CameraMoveScript.cpp" />
    <ClCompile Include="Common\Input.cpp" />
    <ClCompile Include="DX12\DX12Common.cpp" />
    <ClCompile Include="Common\Common.cpp" />
    <ClCompile Include="AnimeStyleRendering.cpp" />
    <ClCompile Include="DX12\IndexBuffer.cpp" />
    <ClCompile Include="DX12\VertexBuffer.cpp" />
    <ClCompile Include="DX12\ConstantBuffer.cpp" />
    <ClCompile Include="DX12\Material.cpp" />
    <ClCompile Include="DX12\Gfx.cpp" />
    <ClCompile Include="Components\Light\LightComponent.cpp" />
    <ClCompile Include="Common\Time.cpp" />
    <ClCompile Include="DX12\RayTracingMaterial.cpp" />
    <ClCompile Include="Components\Primitive\RayTracingMeshComponent.cpp" />
    <ClCompile Include="ThirdParty\nv_helpers_dx12\BottomLevelASGenerator.cpp" />
    <ClCompile Include="ThirdParty\nv_helpers_dx12\RaytracingPipelineGenerator.cpp" />
    <ClCompile Include="ThirdParty\nv_helpers_dx12\RootSignatureGenerator.cpp" />
    <ClCompile Include="ThirdParty\nv_helpers_dx12\ShaderBindingTableGenerator.cpp" />
    <ClCompile Include="ThirdParty\nv_helpers_dx12\TopLevelASGenerator.cpp" />
    <ClCompile Include="UI\ContentsBrowser.cpp" />
    <ClCompile Include="Components\ComponentManager.cpp" />
    <ClCompile Include="DX12\ComputeShader.cpp" />
    <ClCompile Include="Resources\Animation\Skeleton.cpp" />
    <ClCompile Include="Resources\Animation\Animation.cpp" />
    <ClCompile Include="Resources\Animation\AnimationClip.cpp" />
    <ClCompile Include="Components\Primitive\AnimatorComponent.cpp" />
    <ClCompile Include="DX12\GraphicsShader.cpp" />
    <ClCompile Include="Common\AnimeMath.cpp" />
    <ClCompile Include="Resources\Sky\Sky.cpp" />
    <ClCompile Include="Components\Primitive\SkyComponent.cpp" />
  </ItemGroup>
  <ItemGroup>
    <ClInclude Include="Common\d3dx12.h" />
    <ClInclude Include="DX12\DX12Common.h" />
    <ClInclude Include="Common\AnimeMath.h" />
    <ClInclude Include="Common\HighResolutionClock.h" />
    <ClInclude Include="imgui\IMGUIManager.h" />
    <ClInclude Include="imgui\imconfig.h" />
    <ClInclude Include="imgui\imgui.h" />
    <ClInclude Include="imgui\imgui_internal.h" />
    <ClInclude Include="imgui\imstb_rectpack.h" />
    <ClInclude Include="imgui\imstb_textedit.h" />
    <ClInclude Include="imgui\imstb_truetype.h" />
    <ClInclude Include="imgui\imgui_impl_dx12.h" />
    <ClInclude Include="imgui\imgui_impl_win32.h" />
    <ClInclude Include="Common\Path.h" />
    <ClInclude Include="Scene\Entity.h" />
    <ClInclude Include="Components\Component.h" />
    <ClInclude Include="Components\ComponentManager.h" />
    <ClInclude Include="Scene\Scene.h" />
    <ClInclude Include="Components\Transform\TransformComponent.h" />
    <ClInclude Include="Scene\SceneManager.h" />
    <ClInclude Include="Common\Common.h" />
    <ClInclude Include="Common\IMGUIElement.h" />
    <ClInclude Include="imgui\Window\IMGUIWindow.h" />
    <ClInclude Include="UI\SceneHierarchyWindow.h" />
    <ClInclude Include="Components\Camera\CameraComponent.h" />
    <ClInclude Include="Components\Camera\CameraManager.h" />
    <ClInclude Include="UI\UIHelper.h" />
    <ClInclude Include="UI\InspectorWindow.h" />
    <ClInclude Include="DX12\Window.h" />
    <ClInclude Include="Components\Primitive\PrimitiveComponent.h" />
    <ClInclude Include="Resources\ResourceManager.h" />
    <ClInclude Include="Resources\Texture\Texture.h" />
    <ClInclude Include="Resources\Mesh\Model.h" />
    <ClInclude Include="Common\TypeDefinitions.h" />
    <ClInclude Include="Render\RenderManager.h" />
    <ClInclude Include="Components\Primitive\MeshRendererComponent.h" />
    <ClInclude Include="UI\TextureViewer.h" />
    <ClInclude Include="Components\Script\CameraMoveScript.h" />
    <ClInclude Include="Common\Input.h" />
    <ClInclude Include="AnimeStyleRendering.h" />
    <ClInclude Include="DX12\VertexBuffer.h" />
    <ClInclude Include="DX12\IndexBuffer.h" />
    <ClInclude Include="DX12\ConstantBuffer.h" />
    <ClInclude Include="DX12\Material.h" />
    <ClInclude Include="DX12\Gfx.h" />
    <ClInclude Include="Components\Light\LightComponent.h" />
    <ClInclude Include="DX12\RayTracingMaterial.h" />
    <ClInclude Include="Common\Time.h" />
    <ClInclude Include="Components\Primitive\RayTracingMeshComponent.h" />
    <ClInclude Include="ThirdParty\nv_helpers_dx12\BottomLevelASGenerator.h" />
    <ClInclude Include="ThirdParty\nv_helpers_dx12\RaytracingPipelineGenerator.h" />
    <ClInclude Include="ThirdParty\nv_helpers_dx12\RootSignatureGenerator.h" />
    <ClInclude Include="ThirdParty\nv_helpers_dx12\ShaderBindingTableGenerator.h" />
    <ClInclude Include="ThirdParty\nv_helpers_dx12\TopLevelASGenerator.h" />
    <ClInclude Include="UI\ContentsBrowser.h" />
    <ClInclude Include="Resources\Animation\Skeleton.h" />
    <ClInclude Include="DX12\ComputeShader.h" />
    <ClInclude Include="Resources\Animation\Animation.h" />
    <ClInclude Include="Resources\Animation\AnimationClip.h" />
    <ClInclude Include="Components\Primitive\AnimatorComponent.h" />
    <ClInclude Include="DX12\GraphicsShader.h" />
    <ClInclude Include="Common\AssimpHelper.h" />
    <ClInclude Include="Resources\Sky\Sky.h" />
    <ClInclude Include="Components\Primitive\SkyComponent.h" />
  </ItemGroup>
  <ItemGroup>
    <None Include="Copy.bat" />
    <None Include="cpp.hint" />
  </ItemGroup>
</Project>